
Microsoft Visual Studio Solution File, Format Version 12.00
# Visual Studio Version 17
VisualStudioVersion = 17.3.32505.426
MinimumVisualStudioVersion = 10.0.40219.1
Project("{9A19103F-16F7-4668-BE54-9A1E7A4F7556}") = "Dharma_DSharp", "Dharma_DSharp\Dharma_DSharp.csproj", "{A63114C3-D24C-49F2-9BF0-EF168B3E9A01}"
EndProject
Project("{9A19103F-16F7-4668-BE54-9A1E7A4F7556}") = "String Creator", "String Creator\String Creator.csproj", "{94312CA6-A303-4638-ACB0-1A688C7917B4}"
EndProject
Global
	GlobalSection(SolutionConfigurationPlatforms) = preSolution
		Debug|Any CPU = Debug|Any CPU
		Release|Any CPU = Release|Any CPU
	EndGlobalSection
	GlobalSection(ProjectConfigurationPlatforms) = postSolution
		{A63114C3-D24C-49F2-9BF0-EF168B3E9A01}.Debug|Any CPU.ActiveCfg = Debug|Any CPU
		{A63114C3-D24C-49F2-9BF0-EF168B3E9A01}.Debug|Any CPU.Build.0 = Debug|Any CPU
		{A63114C3-D24C-49F2-9BF0-EF168B3E9A01}.Release|Any CPU.ActiveCfg = Release|Any CPU
		{A63114C3-D24C-49F2-9BF0-EF168B3E9A01}.Release|Any CPU.Build.0 = Release|Any CPU
		{94312CA6-A303-4638-ACB0-1A688C7917B4}.Debug|Any CPU.ActiveCfg = Debug|Any CPU
		{94312CA6-A303-4638-ACB0-1A688C7917B4}.Debug|Any CPU.Build.0 = Debug|Any CPU
		{94312CA6-A303-4638-ACB0-1A688C7917B4}.Release|Any CPU.ActiveCfg = Release|Any CPU
		{94312CA6-A303-4638-ACB0-1A688C7917B4}.Release|Any CPU.Build.0 = Release|Any CPU
	EndGlobalSection
	GlobalSection(SolutionProperties) = preSolution
		HideSolutionNode = FALSE
	EndGlobalSection
	GlobalSection(ExtensibilityGlobals) = postSolution
		SolutionGuid = {56157725-5925-4D64-B2BC-DFF6D53F0297}
	EndGlobalSection
EndGlobal
